
Microsoft Visual Studio Solution File, Format Version 12.00
# Visual Studio 15
VisualStudioVersion = 15.0.27130.0
MinimumVisualStudioVersion = 10.0.40219.1
Project("{FAE04EC0-301F-11D3-BF4B-00C04F79EFBC}") = "Category of news", "Category of news\Category of news.csproj", "{30C7B627-E55F-4011-AD5B-82303A21B46B}"
EndProject
Global
	GlobalSection(SolutionConfigurationPlatforms) = preSolution
		Debug|Any CPU = Debug|Any CPU
		Release|Any CPU = Release|Any CPU
	EndGlobalSection
	GlobalSection(ProjectConfigurationPlatforms) = postSolution
		{30C7B627-E55F-4011-AD5B-82303A21B46B}.Debug|Any CPU.ActiveCfg = Debug|Any CPU
		{30C7B627-E55F-4011-AD5B-82303A21B46B}.Debug|Any CPU.Build.0 = Debug|Any CPU
		{30C7B627-E55F-4011-AD5B-82303A21B46B}.Release|Any CPU.ActiveCfg = Release|Any CPU
		{30C7B627-E55F-4011-AD5B-82303A21B46B}.Release|Any CPU.Build.0 = Release|Any CPU
	EndGlobalSection
	GlobalSection(SolutionProperties) = preSolution
		HideSolutionNode = FALSE
	EndGlobalSection
	GlobalSection(ExtensibilityGlobals) = postSolution
		SolutionGuid = {B162DEDE-F566-452D-A774-91CE97845D0E}
	EndGlobalSection
EndGlobal
